
Microsoft Visual Studio Solution File, Format Version 12.00
# Visual Studio Version 17
VisualStudioVersion = 17.5.33516.290
MinimumVisualStudioVersion = 10.0.40219.1
Project("{FAE04EC0-301F-11D3-BF4B-00C04F79EFBC}") = "SimpleMVVMAndMediator", "SimpleMVVMAndMediator.csproj", "{1AFB9138-3296-4C7E-AD94-E5BC5A0A3653}"
EndProject
Global
	GlobalSection(SolutionConfigurationPlatforms) = preSolution
		Debug|Any CPU = Debug|Any CPU
		Release|Any CPU = Release|Any CPU
	EndGlobalSection
	GlobalSection(ProjectConfigurationPlatforms) = postSolution
		{1AFB9138-3296-4C7E-AD94-E5BC5A0A3653}.Debug|Any CPU.ActiveCfg = Debug|Any CPU
		{1AFB9138-3296-4C7E-AD94-E5BC5A0A3653}.Debug|Any CPU.Build.0 = Debug|Any CPU
		{1AFB9138-3296-4C7E-AD94-E5BC5A0A3653}.Release|Any CPU.ActiveCfg = Release|Any CPU
		{1AFB9138-3296-4C7E-AD94-E5BC5A0A3653}.Release|Any CPU.Build.0 = Release|Any CPU
	EndGlobalSection
	GlobalSection(SolutionProperties) = preSolution
		HideSolutionNode = FALSE
	EndGlobalSection
	GlobalSection(ExtensibilityGlobals) = postSolution
		SolutionGuid = {2C64A6DE-B956-45A1-86AD-0BD591208E79}
	EndGlobalSection
EndGlobal
